
Microsoft Visual Studio Solution File, Format Version 12.00
# Visual Studio Version 16
VisualStudioVersion = 16.6.30114.105
MinimumVisualStudioVersion = 10.0.40219.1
Project("{9A19103F-16F7-4668-BE54-9A1E7A4F7556}") = "FolderCleaner", "FolderCleaner\FolderCleaner.csproj", "{04BE0027-A059-4E47-B54C-034E2C086D55}"
EndProject
Project("{2150E333-8FDC-42A3-9474-1A3956D46DE8}") = "Solution Items", "Solution Items", "{2D471076-652C-4AEB-950F-79FE667D22F6}"
	ProjectSection(SolutionItems) = preProject
		README.MD = README.MD
	EndProjectSection
EndProject
Global
	GlobalSection(SolutionConfigurationPlatforms) = preSolution
		Debug|Any CPU = Debug|Any CPU
		Debug|x64 = Debug|x64
		Debug|x86 = Debug|x86
		Release|Any CPU = Release|Any CPU
		Release|x64 = Release|x64
		Release|x86 = Release|x86
	EndGlobalSection
	GlobalSection(ProjectConfigurationPlatforms) = postSolution
		{04BE0027-A059-4E47-B54C-034E2C086D55}.Debug|Any CPU.ActiveCfg = Debug|Any CPU
		{04BE0027-A059-4E47-B54C-034E2C086D55}.Debug|Any CPU.Build.0 = Debug|Any CPU
		{04BE0027-A059-4E47-B54C-034E2C086D55}.Debug|x64.ActiveCfg = Debug|Any CPU
		{04BE0027-A059-4E47-B54C-034E2C086D55}.Debug|x64.Build.0 = Debug|Any CPU
		{04BE0027-A059-4E47-B54C-034E2C086D55}.Debug|x86.ActiveCfg = Debug|Any CPU
		{04BE0027-A059-4E47-B54C-034E2C086D55}.Debug|x86.Build.0 = Debug|Any CPU
		{04BE0027-A059-4E47-B54C-034E2C086D55}.Release|Any CPU.ActiveCfg = Release|Any CPU
		{04BE0027-A059-4E47-B54C-034E2C086D55}.Release|Any CPU.Build.0 = Release|Any CPU
		{04BE0027-A059-4E47-B54C-034E2C086D55}.Release|x64.ActiveCfg = Release|Any CPU
		{04BE0027-A059-4E47-B54C-034E2C086D55}.Release|x64.Build.0 = Release|Any CPU
		{04BE0027-A059-4E47-B54C-034E2C086D55}.Release|x86.ActiveCfg = Release|Any CPU
		{04BE0027-A059-4E47-B54C-034E2C086D55}.Release|x86.Build.0 = Release|Any CPU
	EndGlobalSection
	GlobalSection(SolutionProperties) = preSolution
		HideSolutionNode = FALSE
	EndGlobalSection
	GlobalSection(ExtensibilityGlobals) = postSolution
		SolutionGuid = {76123831-AF86-4E05-9252-19E426A3B18A}
	EndGlobalSection
EndGlobal
